
Microsoft Visual Studio Solution File, Format Version 12.00
# Visual Studio 2013
VisualStudioVersion = 12.0.21005.1
MinimumVisualStudioVersion = 10.0.40219.1
Project("{FAE04EC0-301F-11D3-BF4B-00C04F79EFBC}") = "Feipdianli", "Feipdianli\Feipdianli.csproj", "{CB45592C-55D7-4D75-BE5D-E16E6CFC759D}"
	ProjectSection(ProjectDependencies) = postProject
		{15314C6F-DC0E-44AF-95C5-DF291E801BD2} = {15314C6F-DC0E-44AF-95C5-DF291E801BD2}
	EndProjectSection
EndProject
Project("{FAE04EC0-301F-11D3-BF4B-00C04F79EFBC}") = "DbComponent", "DbComponent\DbComponent.csproj", "{15314C6F-DC0E-44AF-95C5-DF291E801BD2}"
EndProject
Global
	GlobalSection(SolutionConfigurationPlatforms) = preSolution
		Debug|Any CPU = Debug|Any CPU
		Release|Any CPU = Release|Any CPU
	EndGlobalSection
	GlobalSection(ProjectConfigurationPlatforms) = postSolution
		{CB45592C-55D7-4D75-BE5D-E16E6CFC759D}.Debug|Any CPU.ActiveCfg = Debug|Any CPU
		{CB45592C-55D7-4D75-BE5D-E16E6CFC759D}.Debug|Any CPU.Build.0 = Debug|Any CPU
		{CB45592C-55D7-4D75-BE5D-E16E6CFC759D}.Release|Any CPU.ActiveCfg = Release|Any CPU
		{CB45592C-55D7-4D75-BE5D-E16E6CFC759D}.Release|Any CPU.Build.0 = Release|Any CPU
		{15314C6F-DC0E-44AF-95C5-DF291E801BD2}.Debug|Any CPU.ActiveCfg = Debug|Any CPU
		{15314C6F-DC0E-44AF-95C5-DF291E801BD2}.Debug|Any CPU.Build.0 = Debug|Any CPU
		{15314C6F-DC0E-44AF-95C5-DF291E801BD2}.Release|Any CPU.ActiveCfg = Release|Any CPU
		{15314C6F-DC0E-44AF-95C5-DF291E801BD2}.Release|Any CPU.Build.0 = Release|Any CPU
	EndGlobalSection
	GlobalSection(SolutionProperties) = preSolution
		HideSolutionNode = FALSE
	EndGlobalSection
EndGlobal
